// !$*UTF8*$!
{
	archiveVersion = 1;
	classes = {
	};
	objectVersion = 46;
	objects = {

/* Begin PBXBuildFile section */
		33046CA91D63131800CEEDAA /* AppDelegate.swift in Sources */ = {isa = PBXBuildFile; fileRef = 33046CA81D63131800CEEDAA /* AppDelegate.swift */; };
		33046CB01D63131800CEEDAA /* Main.storyboard in Resources */ = {isa = PBXBuildFile; fileRef = 33046CAE1D63131800CEEDAA /* Main.storyboard */; };
		33046CB21D63131800CEEDAA /* Assets.xcassets in Resources */ = {isa = PBXBuildFile; fileRef = 33046CB11D63131800CEEDAA /* Assets.xcassets */; };
		33046CB51D63131800CEEDAA /* LaunchScreen.storyboard in Resources */ = {isa = PBXBuildFile; fileRef = 33046CB31D63131800CEEDAA /* LaunchScreen.storyboard */; };
		33046CC01D63131800CEEDAA /* PHP_SRePSTests.swift in Sources */ = {isa = PBXBuildFile; fileRef = 33046CBF1D63131800CEEDAA /* PHP_SRePSTests.swift */; };
		33046CCB1D63131800CEEDAA /* PHP_SRePSUITests.swift in Sources */ = {isa = PBXBuildFile; fileRef = 33046CCA1D63131800CEEDAA /* PHP_SRePSUITests.swift */; };
		33046CDB1D63154F00CEEDAA /* TransactionsTableViewController.swift in Sources */ = {isa = PBXBuildFile; fileRef = 33046CDA1D63154F00CEEDAA /* TransactionsTableViewController.swift */; };
		33046CDD1D6316D000CEEDAA /* SalesDataSource.swift in Sources */ = {isa = PBXBuildFile; fileRef = 33046CDC1D6316D000CEEDAA /* SalesDataSource.swift */; };
		33046CDF1D63177900CEEDAA /* Product.swift in Sources */ = {isa = PBXBuildFile; fileRef = 33046CDE1D63177900CEEDAA /* Product.swift */; };
		33046CE11D63189400CEEDAA /* Transaction.swift in Sources */ = {isa = PBXBuildFile; fileRef = 33046CE01D63189400CEEDAA /* Transaction.swift */; };
		33046CE31D631EE500CEEDAA /* AddProductTableViewController.swift in Sources */ = {isa = PBXBuildFile; fileRef = 33046CE21D631EE500CEEDAA /* AddProductTableViewController.swift */; };
		33046CE51D6329F000CEEDAA /* AddTransactionTableViewController.swift in Sources */ = {isa = PBXBuildFile; fileRef = 33046CE41D6329F000CEEDAA /* AddTransactionTableViewController.swift */; };
		33046CE71D632A2400CEEDAA /* ProductsListTableViewController.swift in Sources */ = {isa = PBXBuildFile; fileRef = 33046CE61D632A2400CEEDAA /* ProductsListTableViewController.swift */; };
		BF002AFA1D90C8060016F7AE /* Realm.framework in Frameworks */ = {isa = PBXBuildFile; fileRef = BF002AF81D90C8060016F7AE /* Realm.framework */; };
		BF002AFB1D90C8060016F7AE /* RealmSwift.framework in Frameworks */ = {isa = PBXBuildFile; fileRef = BF002AF91D90C8060016F7AE /* RealmSwift.framework */; };
		BF002AFC1D90C80E0016F7AE /* Realm.framework in Frameworks */ = {isa = PBXBuildFile; fileRef = BF002AF81D90C8060016F7AE /* Realm.framework */; };
		BF002AFD1D90C80E0016F7AE /* Realm.framework in Embed Frameworks */ = {isa = PBXBuildFile; fileRef = BF002AF81D90C8060016F7AE /* Realm.framework */; settings = {ATTRIBUTES = (CodeSignOnCopy, RemoveHeadersOnCopy, ); }; };
		BF002AFE1D90C80E0016F7AE /* RealmSwift.framework in Frameworks */ = {isa = PBXBuildFile; fileRef = BF002AF91D90C8060016F7AE /* RealmSwift.framework */; };
		BF002AFF1D90C80E0016F7AE /* RealmSwift.framework in Embed Frameworks */ = {isa = PBXBuildFile; fileRef = BF002AF91D90C8060016F7AE /* RealmSwift.framework */; settings = {ATTRIBUTES = (CodeSignOnCopy, RemoveHeadersOnCopy, ); }; };
		BFB813FA1D6D4304007F46F5 /* SalesEntry.swift in Sources */ = {isa = PBXBuildFile; fileRef = BFB813F91D6D4304007F46F5 /* SalesEntry.swift */; };
/* End PBXBuildFile section */

/* Begin PBXContainerItemProxy section */
		33046CBC1D63131800CEEDAA /* PBXContainerItemProxy */ = {
			isa = PBXContainerItemProxy;
			containerPortal = 33046C9D1D63131800CEEDAA /* Project object */;
			proxyType = 1;
			remoteGlobalIDString = 33046CA41D63131800CEEDAA;
			remoteInfo = "PHP-SRePS";
		};
		33046CC71D63131800CEEDAA /* PBXContainerItemProxy */ = {
			isa = PBXContainerItemProxy;
			containerPortal = 33046C9D1D63131800CEEDAA /* Project object */;
			proxyType = 1;
			remoteGlobalIDString = 33046CA41D63131800CEEDAA;
			remoteInfo = "PHP-SRePS";
		};
/* End PBXContainerItemProxy section */

/* Begin PBXCopyFilesBuildPhase section */
		BF002B001D90C80E0016F7AE /* Embed Frameworks */ = {
			isa = PBXCopyFilesBuildPhase;
			buildActionMask = 2147483647;
			dstPath = "";
			dstSubfolderSpec = 10;
			files = (
				BF002AFF1D90C80E0016F7AE /* RealmSwift.framework in Embed Frameworks */,
				BF002AFD1D90C80E0016F7AE /* Realm.framework in Embed Frameworks */,
			);
			name = "Embed Frameworks";
			runOnlyForDeploymentPostprocessing = 0;
		};
/* End PBXCopyFilesBuildPhase section */

/* Begin PBXFileReference section */
		33046CA51D63131800CEEDAA /* PHP-SRePS.app */ = {isa = PBXFileReference; explicitFileType = wrapper.application; includeInIndex = 0; path = "PHP-SRePS.app"; sourceTree = BUILT_PRODUCTS_DIR; };
		33046CA81D63131800CEEDAA /* AppDelegate.swift */ = {isa = PBXFileReference; lastKnownFileType = sourcecode.swift; path = AppDelegate.swift; sourceTree = "<group>"; };
		33046CAF1D63131800CEEDAA /* Base */ = {isa = PBXFileReference; lastKnownFileType = file.storyboard; name = Base; path = Base.lproj/Main.storyboard; sourceTree = "<group>"; };
		33046CB11D63131800CEEDAA /* Assets.xcassets */ = {isa = PBXFileReference; lastKnownFileType = folder.assetcatalog; path = Assets.xcassets; sourceTree = "<group>"; };
		33046CB41D63131800CEEDAA /* Base */ = {isa = PBXFileReference; lastKnownFileType = file.storyboard; name = Base; path = Base.lproj/LaunchScreen.storyboard; sourceTree = "<group>"; };
		33046CB61D63131800CEEDAA /* Info.plist */ = {isa = PBXFileReference; lastKnownFileType = text.plist.xml; path = Info.plist; sourceTree = "<group>"; };
		33046CBB1D63131800CEEDAA /* PHP-SRePSTests.xctest */ = {isa = PBXFileReference; explicitFileType = wrapper.cfbundle; includeInIndex = 0; path = "PHP-SRePSTests.xctest"; sourceTree = BUILT_PRODUCTS_DIR; };
		33046CBF1D63131800CEEDAA /* PHP_SRePSTests.swift */ = {isa = PBXFileReference; lastKnownFileType = sourcecode.swift; path = PHP_SRePSTests.swift; sourceTree = "<group>"; };
		33046CC11D63131800CEEDAA /* Info.plist */ = {isa = PBXFileReference; lastKnownFileType = text.plist.xml; path = Info.plist; sourceTree = "<group>"; };
		33046CC61D63131800CEEDAA /* PHP-SRePSUITests.xctest */ = {isa = PBXFileReference; explicitFileType = wrapper.cfbundle; includeInIndex = 0; path = "PHP-SRePSUITests.xctest"; sourceTree = BUILT_PRODUCTS_DIR; };
		33046CCA1D63131800CEEDAA /* PHP_SRePSUITests.swift */ = {isa = PBXFileReference; lastKnownFileType = sourcecode.swift; path = PHP_SRePSUITests.swift; sourceTree = "<group>"; };
		33046CCC1D63131800CEEDAA /* Info.plist */ = {isa = PBXFileReference; lastKnownFileType = text.plist.xml; path = Info.plist; sourceTree = "<group>"; };
		33046CDA1D63154F00CEEDAA /* TransactionsTableViewController.swift */ = {isa = PBXFileReference; fileEncoding = 4; lastKnownFileType = sourcecode.swift; path = TransactionsTableViewController.swift; sourceTree = "<group>"; };
		33046CDC1D6316D000CEEDAA /* SalesDataSource.swift */ = {isa = PBXFileReference; fileEncoding = 4; lastKnownFileType = sourcecode.swift; path = SalesDataSource.swift; sourceTree = "<group>"; };
		33046CDE1D63177900CEEDAA /* Product.swift */ = {isa = PBXFileReference; fileEncoding = 4; lastKnownFileType = sourcecode.swift; path = Product.swift; sourceTree = "<group>"; };
		33046CE01D63189400CEEDAA /* Transaction.swift */ = {isa = PBXFileReference; fileEncoding = 4; lastKnownFileType = sourcecode.swift; path = Transaction.swift; sourceTree = "<group>"; };
		33046CE21D631EE500CEEDAA /* AddProductTableViewController.swift */ = {isa = PBXFileReference; fileEncoding = 4; lastKnownFileType = sourcecode.swift; path = AddProductTableViewController.swift; sourceTree = "<group>"; };
		33046CE41D6329F000CEEDAA /* AddTransactionTableViewController.swift */ = {isa = PBXFileReference; fileEncoding = 4; lastKnownFileType = sourcecode.swift; path = AddTransactionTableViewController.swift; sourceTree = "<group>"; };
		33046CE61D632A2400CEEDAA /* ProductsListTableViewController.swift */ = {isa = PBXFileReference; fileEncoding = 4; lastKnownFileType = sourcecode.swift; path = ProductsListTableViewController.swift; sourceTree = "<group>"; };
		AFF1AA79E58D531513AA8863 /* Pods.framework */ = {isa = PBXFileReference; explicitFileType = wrapper.framework; includeInIndex = 0; path = Pods.framework; sourceTree = BUILT_PRODUCTS_DIR; };
		BF002AF81D90C8060016F7AE /* Realm.framework */ = {isa = PBXFileReference; lastKnownFileType = wrapper.framework; path = Realm.framework; sourceTree = "<group>"; };
		BF002AF91D90C8060016F7AE /* RealmSwift.framework */ = {isa = PBXFileReference; lastKnownFileType = wrapper.framework; path = RealmSwift.framework; sourceTree = "<group>"; };
		BFB813F91D6D4304007F46F5 /* SalesEntry.swift */ = {isa = PBXFileReference; fileEncoding = 4; lastKnownFileType = sourcecode.swift; path = SalesEntry.swift; sourceTree = "<group>"; };
/* End PBXFileReference section */

/* Begin PBXFrameworksBuildPhase section */
		33046CA21D63131800CEEDAA /* Frameworks */ = {
			isa = PBXFrameworksBuildPhase;
			buildActionMask = 2147483647;
			files = (
				BF002AFC1D90C80E0016F7AE /* Realm.framework in Frameworks */,
				BF002AFB1D90C8060016F7AE /* RealmSwift.framework in Frameworks */,
				BF002AFE1D90C80E0016F7AE /* RealmSwift.framework in Frameworks */,
				BF002AFA1D90C8060016F7AE /* Realm.framework in Frameworks */,
			);
			runOnlyForDeploymentPostprocessing = 0;
		};
		33046CB81D63131800CEEDAA /* Frameworks */ = {
			isa = PBXFrameworksBuildPhase;
			buildActionMask = 2147483647;
			files = (
			);
			runOnlyForDeploymentPostprocessing = 0;
		};
		33046CC31D63131800CEEDAA /* Frameworks */ = {
			isa = PBXFrameworksBuildPhase;
			buildActionMask = 2147483647;
			files = (
			);
			runOnlyForDeploymentPostprocessing = 0;
		};
/* End PBXFrameworksBuildPhase section */

/* Begin PBXGroup section */
		318BD670B6AD6012F7779C65 /* Frameworks */ = {
			isa = PBXGroup;
			children = (
				AFF1AA79E58D531513AA8863 /* Pods.framework */,
			);
			name = Frameworks;
			sourceTree = "<group>";
		};
		33046C9C1D63131800CEEDAA = {
			isa = PBXGroup;
			children = (
				33046CA71D63131800CEEDAA /* PHP-SRePS */,
				33046CBE1D63131800CEEDAA /* PHP-SRePSTests */,
				33046CC91D63131800CEEDAA /* PHP-SRePSUITests */,
				33046CA61D63131800CEEDAA /* Products */,
				318BD670B6AD6012F7779C65 /* Frameworks */,
			);
			sourceTree = "<group>";
		};
		33046CA61D63131800CEEDAA /* Products */ = {
			isa = PBXGroup;
			children = (
				33046CA51D63131800CEEDAA /* PHP-SRePS.app */,
				33046CBB1D63131800CEEDAA /* PHP-SRePSTests.xctest */,
				33046CC61D63131800CEEDAA /* PHP-SRePSUITests.xctest */,
			);
			name = Products;
			sourceTree = "<group>";
		};
		33046CA71D63131800CEEDAA /* PHP-SRePS */ = {
			isa = PBXGroup;
			children = (
				33046CA81D63131800CEEDAA /* AppDelegate.swift */,
				33046CDA1D63154F00CEEDAA /* TransactionsTableViewController.swift */,
				33046CE41D6329F000CEEDAA /* AddTransactionTableViewController.swift */,
				33046CE21D631EE500CEEDAA /* AddProductTableViewController.swift */,
				33046CE61D632A2400CEEDAA /* ProductsListTableViewController.swift */,
				33046CDC1D6316D000CEEDAA /* SalesDataSource.swift */,
				338E6FDF1D632F89009C42E5 /* Data */,
				BF002AF71D90C8060016F7AE /* Frameworks */,
				33046CAE1D63131800CEEDAA /* Main.storyboard */,
				33046CB11D63131800CEEDAA /* Assets.xcassets */,
				33046CB31D63131800CEEDAA /* LaunchScreen.storyboard */,
				33046CB61D63131800CEEDAA /* Info.plist */,
			);
			path = "PHP-SRePS";
			sourceTree = "<group>";
		};
		33046CBE1D63131800CEEDAA /* PHP-SRePSTests */ = {
			isa = PBXGroup;
			children = (
				33046CBF1D63131800CEEDAA /* PHP_SRePSTests.swift */,
				33046CC11D63131800CEEDAA /* Info.plist */,
			);
			path = "PHP-SRePSTests";
			sourceTree = "<group>";
		};
		33046CC91D63131800CEEDAA /* PHP-SRePSUITests */ = {
			isa = PBXGroup;
			children = (
				33046CCA1D63131800CEEDAA /* PHP_SRePSUITests.swift */,
				33046CCC1D63131800CEEDAA /* Info.plist */,
			);
			path = "PHP-SRePSUITests";
			sourceTree = "<group>";
		};
		338E6FDF1D632F89009C42E5 /* Data */ = {
			isa = PBXGroup;
			children = (
				33046CDE1D63177900CEEDAA /* Product.swift */,
				33046CE01D63189400CEEDAA /* Transaction.swift */,
				BFB813F91D6D4304007F46F5 /* SalesEntry.swift */,
			);
			name = Data;
			sourceTree = "<group>";
		};
		BF002AF71D90C8060016F7AE /* Frameworks */ = {
			isa = PBXGroup;
			children = (
				BF002AF81D90C8060016F7AE /* Realm.framework */,
				BF002AF91D90C8060016F7AE /* RealmSwift.framework */,
			);
			path = Frameworks;
			sourceTree = "<group>";
		};
/* End PBXGroup section */

/* Begin PBXNativeTarget section */
		33046CA41D63131800CEEDAA /* PHP-SRePS */ = {
			isa = PBXNativeTarget;
			buildConfigurationList = 33046CCF1D63131800CEEDAA /* Build configuration list for PBXNativeTarget "PHP-SRePS" */;
			buildPhases = (
				33046CA11D63131800CEEDAA /* Sources */,
				33046CA21D63131800CEEDAA /* Frameworks */,
				33046CA31D63131800CEEDAA /* Resources */,
				BF002B001D90C80E0016F7AE /* Embed Frameworks */,
			);
			buildRules = (
			);
			dependencies = (
			);
			name = "PHP-SRePS";
			productName = "PHP-SRePS";
			productReference = 33046CA51D63131800CEEDAA /* PHP-SRePS.app */;
			productType = "com.apple.product-type.application";
		};
		33046CBA1D63131800CEEDAA /* PHP-SRePSTests */ = {
			isa = PBXNativeTarget;
			buildConfigurationList = 33046CD21D63131800CEEDAA /* Build configuration list for PBXNativeTarget "PHP-SRePSTests" */;
			buildPhases = (
				33046CB71D63131800CEEDAA /* Sources */,
				33046CB81D63131800CEEDAA /* Frameworks */,
				33046CB91D63131800CEEDAA /* Resources */,
			);
			buildRules = (
			);
			dependencies = (
				33046CBD1D63131800CEEDAA /* PBXTargetDependency */,
			);
			name = "PHP-SRePSTests";
			productName = "PHP-SRePSTests";
			productReference = 33046CBB1D63131800CEEDAA /* PHP-SRePSTests.xctest */;
			productType = "com.apple.product-type.bundle.unit-test";
		};
		33046CC51D63131800CEEDAA /* PHP-SRePSUITests */ = {
			isa = PBXNativeTarget;
			buildConfigurationList = 33046CD51D63131800CEEDAA /* Build configuration list for PBXNativeTarget "PHP-SRePSUITests" */;
			buildPhases = (
				33046CC21D63131800CEEDAA /* Sources */,
				33046CC31D63131800CEEDAA /* Frameworks */,
				33046CC41D63131800CEEDAA /* Resources */,
			);
			buildRules = (
			);
			dependencies = (
				33046CC81D63131800CEEDAA /* PBXTargetDependency */,
			);
			name = "PHP-SRePSUITests";
			productName = "PHP-SRePSUITests";
			productReference = 33046CC61D63131800CEEDAA /* PHP-SRePSUITests.xctest */;
			productType = "com.apple.product-type.bundle.ui-testing";
		};
/* End PBXNativeTarget section */

/* Begin PBXProject section */
		33046C9D1D63131800CEEDAA /* Project object */ = {
			isa = PBXProject;
			attributes = {
				LastSwiftUpdateCheck = 0730;
				LastUpgradeCheck = 0730;
				ORGANIZATIONNAME = swindp2;
				TargetAttributes = {
					33046CA41D63131800CEEDAA = {
						CreatedOnToolsVersion = 7.3.1;
						DevelopmentTeam = WVW2QXS9H2;
					};
					33046CBA1D63131800CEEDAA = {
						CreatedOnToolsVersion = 7.3.1;
						TestTargetID = 33046CA41D63131800CEEDAA;
					};
					33046CC51D63131800CEEDAA = {
						CreatedOnToolsVersion = 7.3.1;
						TestTargetID = 33046CA41D63131800CEEDAA;
					};
				};
			};
			buildConfigurationList = 33046CA01D63131800CEEDAA /* Build configuration list for PBXProject "PHP-SRePS" */;
			compatibilityVersion = "Xcode 3.2";
			developmentRegion = English;
			hasScannedForEncodings = 0;
			knownRegions = (
				en,
				Base,
			);
			mainGroup = 33046C9C1D63131800CEEDAA;
			productRefGroup = 33046CA61D63131800CEEDAA /* Products */;
			projectDirPath = "";
			projectRoot = "";
			targets = (
				33046CA41D63131800CEEDAA /* PHP-SRePS */,
				33046CBA1D63131800CEEDAA /* PHP-SRePSTests */,
				33046CC51D63131800CEEDAA /* PHP-SRePSUITests */,
			);
		};
/* End PBXProject section */

/* Begin PBXResourcesBuildPhase section */
		33046CA31D63131800CEEDAA /* Resources */ = {
			isa = PBXResourcesBuildPhase;
			buildActionMask = 2147483647;
			files = (
				33046CB51D63131800CEEDAA /* LaunchScreen.storyboard in Resources */,
				33046CB21D63131800CEEDAA /* Assets.xcassets in Resources */,
				33046CB01D63131800CEEDAA /* Main.storyboard in Resources */,
			);
			runOnlyForDeploymentPostprocessing = 0;
		};
		33046CB91D63131800CEEDAA /* Resources */ = {
			isa = PBXResourcesBuildPhase;
			buildActionMask = 2147483647;
			files = (
			);
			runOnlyForDeploymentPostprocessing = 0;
		};
		33046CC41D63131800CEEDAA /* Resources */ = {
			isa = PBXResourcesBuildPhase;
			buildActionMask = 2147483647;
			files = (
			);
			runOnlyForDeploymentPostprocessing = 0;
		};
/* End PBXResourcesBuildPhase section */

/* Begin PBXSourcesBuildPhase section */
		33046CA11D63131800CEEDAA /* Sources */ = {
			isa = PBXSourcesBuildPhase;
			buildActionMask = 2147483647;
			files = (
				33046CDB1D63154F00CEEDAA /* TransactionsTableViewController.swift in Sources */,
				33046CE51D6329F000CEEDAA /* AddTransactionTableViewController.swift in Sources */,
				33046CE31D631EE500CEEDAA /* AddProductTableViewController.swift in Sources */,
				33046CE11D63189400CEEDAA /* Transaction.swift in Sources */,
				33046CDF1D63177900CEEDAA /* Product.swift in Sources */,
				BFB813FA1D6D4304007F46F5 /* SalesEntry.swift in Sources */,
				33046CA91D63131800CEEDAA /* AppDelegate.swift in Sources */,
				33046CDD1D6316D000CEEDAA /* SalesDataSource.swift in Sources */,
				33046CE71D632A2400CEEDAA /* ProductsListTableViewController.swift in Sources */,
			);
			runOnlyForDeploymentPostprocessing = 0;
		};
		33046CB71D63131800CEEDAA /* Sources */ = {
			isa = PBXSourcesBuildPhase;
			buildActionMask = 2147483647;
			files = (
				33046CC01D63131800CEEDAA /* PHP_SRePSTests.swift in Sources */,
			);
			runOnlyForDeploymentPostprocessing = 0;
		};
		33046CC21D63131800CEEDAA /* Sources */ = {
			isa = PBXSourcesBuildPhase;
			buildActionMask = 2147483647;
			files = (
				33046CCB1D63131800CEEDAA /* PHP_SRePSUITests.swift in Sources */,
			);
			runOnlyForDeploymentPostprocessing = 0;
		};
/* End PBXSourcesBuildPhase section */

/* Begin PBXTargetDependency section */
		33046CBD1D63131800CEEDAA /* PBXTargetDependency */ = {
			isa = PBXTargetDependency;
			target = 33046CA41D63131800CEEDAA /* PHP-SRePS */;
			targetProxy = 33046CBC1D63131800CEEDAA /* PBXContainerItemProxy */;
		};
		33046CC81D63131800CEEDAA /* PBXTargetDependency */ = {
			isa = PBXTargetDependency;
			target = 33046CA41D63131800CEEDAA /* PHP-SRePS */;
			targetProxy = 33046CC71D63131800CEEDAA /* PBXContainerItemProxy */;
		};
/* End PBXTargetDependency section */

/* Begin PBXVariantGroup section */
		33046CAE1D63131800CEEDAA /* Main.storyboard */ = {
			isa = PBXVariantGroup;
			children = (
				33046CAF1D63131800CEEDAA /* Base */,
			);
			name = Main.storyboard;
			sourceTree = "<group>";
		};
		33046CB31D63131800CEEDAA /* LaunchScreen.storyboard */ = {
			isa = PBXVariantGroup;
			children = (
				33046CB41D63131800CEEDAA /* Base */,
			);
			name = LaunchScreen.storyboard;
			sourceTree = "<group>";
		};
/* End PBXVariantGroup section */

/* Begin XCBuildConfiguration section */
		33046CCD1D63131800CEEDAA /* Debug */ = {
			isa = XCBuildConfiguration;
			buildSettings = {
				ALWAYS_SEARCH_USER_PATHS = NO;
				CLANG_ANALYZER_NONNULL = YES;
				CLANG_CXX_LANGUAGE_STANDARD = "gnu++0x";
				CLANG_CXX_LIBRARY = "libc++";
				CLANG_ENABLE_MODULES = YES;
				CLANG_ENABLE_OBJC_ARC = YES;
				CLANG_WARN_BOOL_CONVERSION = YES;
				CLANG_WARN_CONSTANT_CONVERSION = YES;
				CLANG_WARN_DIRECT_OBJC_ISA_USAGE = YES_ERROR;
				CLANG_WARN_EMPTY_BODY = YES;
				CLANG_WARN_ENUM_CONVERSION = YES;
				CLANG_WARN_INT_CONVERSION = YES;
				CLANG_WARN_OBJC_ROOT_CLASS = YES_ERROR;
				CLANG_WARN_UNREACHABLE_CODE = YES;
				CLANG_WARN__DUPLICATE_METHOD_MATCH = YES;
				"CODE_SIGN_IDENTITY[sdk=iphoneos*]" = "iPhone Developer";
				COPY_PHASE_STRIP = NO;
				DEBUG_INFORMATION_FORMAT = dwarf;
				ENABLE_STRICT_OBJC_MSGSEND = YES;
				ENABLE_TESTABILITY = YES;
				GCC_C_LANGUAGE_STANDARD = gnu99;
				GCC_DYNAMIC_NO_PIC = NO;
				GCC_NO_COMMON_BLOCKS = YES;
				GCC_OPTIMIZATION_LEVEL = 0;
				GCC_PREPROCESSOR_DEFINITIONS = (
					"DEBUG=1",
					"$(inherited)",
				);
				GCC_WARN_64_TO_32_BIT_CONVERSION = YES;
				GCC_WARN_ABOUT_RETURN_TYPE = YES_ERROR;
				GCC_WARN_UNDECLARED_SELECTOR = YES;
				GCC_WARN_UNINITIALIZED_AUTOS = YES_AGGRESSIVE;
				GCC_WARN_UNUSED_FUNCTION = YES;
				GCC_WARN_UNUSED_VARIABLE = YES;
				IPHONEOS_DEPLOYMENT_TARGET = 9.3;
				MTL_ENABLE_DEBUG_INFO = YES;
				ONLY_ACTIVE_ARCH = YES;
				SDKROOT = iphoneos;
				SWIFT_OPTIMIZATION_LEVEL = "-Onone";
				TARGETED_DEVICE_FAMILY = "1,2";
			};
			name = Debug;
		};
		33046CCE1D63131800CEEDAA /* Release */ = {
			isa = XCBuildConfiguration;
			buildSettings = {
				ALWAYS_SEARCH_USER_PATHS = NO;
				CLANG_ANALYZER_NONNULL = YES;
				CLANG_CXX_LANGUAGE_STANDARD = "gnu++0x";
				CLANG_CXX_LIBRARY = "libc++";
				CLANG_ENABLE_MODULES = YES;
				CLANG_ENABLE_OBJC_ARC = YES;
				CLANG_WARN_BOOL_CONVERSION = YES;
				CLANG_WARN_CONSTANT_CONVERSION = YES;
				CLANG_WARN_DIRECT_OBJC_ISA_USAGE = YES_ERROR;
				CLANG_WARN_EMPTY_BODY = YES;
				CLANG_WARN_ENUM_CONVERSION = YES;
				CLANG_WARN_INT_CONVERSION = YES;
				CLANG_WARN_OBJC_ROOT_CLASS = YES_ERROR;
				CLANG_WARN_UNREACHABLE_CODE = YES;
				CLANG_WARN__DUPLICATE_METHOD_MATCH = YES;
				"CODE_SIGN_IDENTITY[sdk=iphoneos*]" = "iPhone Developer";
				COPY_PHASE_STRIP = NO;
				DEBUG_INFORMATION_FORMAT = "dwarf-with-dsym";
				ENABLE_NS_ASSERTIONS = NO;
				ENABLE_STRICT_OBJC_MSGSEND = YES;
				GCC_C_LANGUAGE_STANDARD = gnu99;
				GCC_NO_COMMON_BLOCKS = YES;
				GCC_WARN_64_TO_32_BIT_CONVERSION = YES;
				GCC_WARN_ABOUT_RETURN_TYPE = YES_ERROR;
				GCC_WARN_UNDECLARED_SELECTOR = YES;
				GCC_WARN_UNINITIALIZED_AUTOS = YES_AGGRESSIVE;
				GCC_WARN_UNUSED_FUNCTION = YES;
				GCC_WARN_UNUSED_VARIABLE = YES;
				IPHONEOS_DEPLOYMENT_TARGET = 9.3;
				MTL_ENABLE_DEBUG_INFO = NO;
				SDKROOT = iphoneos;
				TARGETED_DEVICE_FAMILY = "1,2";
				VALIDATE_PRODUCT = YES;
			};
			name = Release;
		};
		33046CD01D63131800CEEDAA /* Debug */ = {
			isa = XCBuildConfiguration;
			buildSettings = {
				ASSETCATALOG_COMPILER_APPICON_NAME = AppIcon;
				CLANG_ENABLE_MODULES = YES;
				CODE_SIGN_IDENTITY = "iPhone Developer";
				"CODE_SIGN_IDENTITY[sdk=iphoneos*]" = "iPhone Developer";
				FRAMEWORK_SEARCH_PATHS = (
					"$(inherited)",
					"$(PROJECT_DIR)/PHP-SRePS/Frameworks",
				);
				INFOPLIST_FILE = "PHP-SRePS/Info.plist";
				IPHONEOS_DEPLOYMENT_TARGET = 9.0;
				LD_RUNPATH_SEARCH_PATHS = "$(inherited) @executable_path/Frameworks";
				PRODUCT_BUNDLE_IDENTIFIER = "com.swindp2.PHP-SRePS";
				PRODUCT_NAME = "$(TARGET_NAME)";
				PROVISIONING_PROFILE = "";
				SWIFT_OPTIMIZATION_LEVEL = "-Onone";
			};
			name = Debug;
		};
		33046CD11D63131800CEEDAA /* Release */ = {
			isa = XCBuildConfiguration;
			buildSettings = {
				ASSETCATALOG_COMPILER_APPICON_NAME = AppIcon;
				CLANG_ENABLE_MODULES = YES;
				CODE_SIGN_IDENTITY = "iPhone Developer";
				"CODE_SIGN_IDENTITY[sdk=iphoneos*]" = "iPhone Developer";
				FRAMEWORK_SEARCH_PATHS = (
					"$(inherited)",
					"$(PROJECT_DIR)/PHP-SRePS/Frameworks",
				);
				INFOPLIST_FILE = "PHP-SRePS/Info.plist";
				IPHONEOS_DEPLOYMENT_TARGET = 9.0;
				LD_RUNPATH_SEARCH_PATHS = "$(inherited) @executable_path/Frameworks";
				PRODUCT_BUNDLE_IDENTIFIER = "com.swindp2.PHP-SRePS";
				PRODUCT_NAME = "$(TARGET_NAME)";
				PROVISIONING_PROFILE = "";
				SWIFT_OPTIMIZATION_LEVEL = "-O";
			};
			name = Release;
		};
		33046CD31D63131800CEEDAA /* Debug */ = {
			isa = XCBuildConfiguration;
			buildSettings = {
				BUNDLE_LOADER = "$(TEST_HOST)";
				INFOPLIST_FILE = "PHP-SRePSTests/Info.plist";
				LD_RUNPATH_SEARCH_PATHS = "$(inherited) @executable_path/Frameworks @loader_path/Frameworks";
				PRODUCT_BUNDLE_IDENTIFIER = "com.swindp2.PHP-SRePSTests";
				PRODUCT_NAME = "$(TARGET_NAME)";
				TEST_HOST = "$(BUILT_PRODUCTS_DIR)/PHP-SRePS.app/PHP-SRePS";
			};
			name = Debug;
		};
		33046CD41D63131800CEEDAA /* Release */ = {
			isa = XCBuildConfiguration;
			buildSettings = {
				BUNDLE_LOADER = "$(TEST_HOST)";
				INFOPLIST_FILE = "PHP-SRePSTests/Info.plist";
				LD_RUNPATH_SEARCH_PATHS = "$(inherited) @executable_path/Frameworks @loader_path/Frameworks";
				PRODUCT_BUNDLE_IDENTIFIER = "com.swindp2.PHP-SRePSTests";
				PRODUCT_NAME = "$(TARGET_NAME)";
				TEST_HOST = "$(BUILT_PRODUCTS_DIR)/PHP-SRePS.app/PHP-SRePS";
			};
			name = Release;
		};
		33046CD61D63131800CEEDAA /* Debug */ = {
			isa = XCBuildConfiguration;
			buildSettings = {
				INFOPLIST_FILE = "PHP-SRePSUITests/Info.plist";
				LD_RUNPATH_SEARCH_PATHS = "$(inherited) @executable_path/Frameworks @loader_path/Frameworks";
				PRODUCT_BUNDLE_IDENTIFIER = "com.swindp2.PHP-SRePSUITests";
				PRODUCT_NAME = "$(TARGET_NAME)";
				TEST_TARGET_NAME = "PHP-SRePS";
			};
			name = Debug;
		};
		33046CD71D63131800CEEDAA /* Release */ = {
			isa = XCBuildConfiguration;
			buildSettings = {
				INFOPLIST_FILE = "PHP-SRePSUITests/Info.plist";
				LD_RUNPATH_SEARCH_PATHS = "$(inherited) @executable_path/Frameworks @loader_path/Frameworks";
				PRODUCT_BUNDLE_IDENTIFIER = "com.swindp2.PHP-SRePSUITests";
				PRODUCT_NAME = "$(TARGET_NAME)";
				TEST_TARGET_NAME = "PHP-SRePS";
			};
			name = Release;
		};
/* End XCBuildConfiguration section */

/* Begin XCConfigurationList section */
		33046CA01D63131800CEEDAA /* Build configuration list for PBXProject "PHP-SRePS" */ = {
			isa = XCConfigurationList;
			buildConfigurations = (
				33046CCD1D63131800CEEDAA /* Debug */,
				33046CCE1D63131800CEEDAA /* Release */,
			);
			defaultConfigurationIsVisible = 0;
			defaultConfigurationName = Release;
		};
		33046CCF1D63131800CEEDAA /* Build configuration list for PBXNativeTarget "PHP-SRePS" */ = {
			isa = XCConfigurationList;
			buildConfigurations = (
				33046CD01D63131800CEEDAA /* Debug */,
				33046CD11D63131800CEEDAA /* Release */,
			);
			defaultConfigurationIsVisible = 0;
			defaultConfigurationName = Release;
		};
		33046CD21D63131800CEEDAA /* Build configuration list for PBXNativeTarget "PHP-SRePSTests" */ = {
			isa = XCConfigurationList;
			buildConfigurations = (
				33046CD31D63131800CEEDAA /* Debug */,
				33046CD41D63131800CEEDAA /* Release */,
			);
			defaultConfigurationIsVisible = 0;
			defaultConfigurationName = Release;
		};
		33046CD51D63131800CEEDAA /* Build configuration list for PBXNativeTarget "PHP-SRePSUITests" */ = {
			isa = XCConfigurationList;
			buildConfigurations = (
				33046CD61D63131800CEEDAA /* Debug */,
				33046CD71D63131800CEEDAA /* Release */,
			);
			defaultConfigurationIsVisible = 0;
			defaultConfigurationName = Release;
		};
/* End XCConfigurationList section */
	};
	rootObject = 33046C9D1D63131800CEEDAA /* Project object */;
}
